// !$*UTF8*$!
{
	archiveVersion = 1;
	classes = {
	};
	objectVersion = 46;
	objects = {

/* Begin PBXBuildFile section */
		625129BB167EEEEB008E75A4 /* AboutMenu.xib in Resources */ = {isa = PBXBuildFile; fileRef = 625129B9167EEEEB008E75A4 /* AboutMenu.xib */; };
		625129BC167EEEEB008E75A4 /* AboutMenu.xib in Resources */ = {isa = PBXBuildFile; fileRef = 625129B9167EEEEB008E75A4 /* AboutMenu.xib */; };
		625129D0167EEF0D008E75A4 /* TGAppDelegate.m in Sources */ = {isa = PBXBuildFile; fileRef = 625129C7167EEF0D008E75A4 /* TGAppDelegate.m */; };
		625129D1167EEF0D008E75A4 /* TGAppDelegate.m in Sources */ = {isa = PBXBuildFile; fileRef = 625129C7167EEF0D008E75A4 /* TGAppDelegate.m */; };
		625AC804167FEFB0005D3832 /* libex64.a in Frameworks */ = {isa = PBXBuildFile; fileRef = 625AC803167FEFB0005D3832 /* libex64.a */; };
		625AC805167FEFB0005D3832 /* libex64.a in Frameworks */ = {isa = PBXBuildFile; fileRef = 625AC803167FEFB0005D3832 /* libex64.a */; };
		625AC81F168007EF005D3832 /* Off.png in Resources */ = {isa = PBXBuildFile; fileRef = 625AC81D168007EF005D3832 /* Off.png */; };
		625AC820168007EF005D3832 /* Off.png in Resources */ = {isa = PBXBuildFile; fileRef = 625AC81D168007EF005D3832 /* Off.png */; };
		625AC821168007EF005D3832 /* On.png in Resources */ = {isa = PBXBuildFile; fileRef = 625AC81E168007EF005D3832 /* On.png */; };
		625AC822168007EF005D3832 /* On.png in Resources */ = {isa = PBXBuildFile; fileRef = 625AC81E168007EF005D3832 /* On.png */; };
		625AC8271680DB2D005D3832 /* icons.icns in Resources */ = {isa = PBXBuildFile; fileRef = 625AC8261680DB2D005D3832 /* icons.icns */; };
		62E273CE167CF84900FD84D5 /* Cocoa.framework in Frameworks */ = {isa = PBXBuildFile; fileRef = 62E273CD167CF84900FD84D5 /* Cocoa.framework */; };
		62E273D8167CF84900FD84D5 /* InfoPlist.strings in Resources */ = {isa = PBXBuildFile; fileRef = 62E273D6167CF84900FD84D5 /* InfoPlist.strings */; };
		62E273DA167CF84900FD84D5 /* main.m in Sources */ = {isa = PBXBuildFile; fileRef = 62E273D9167CF84900FD84D5 /* main.m */; };
		62E273DE167CF84900FD84D5 /* Credits.rtf in Resources */ = {isa = PBXBuildFile; fileRef = 62E273DC167CF84900FD84D5 /* Credits.rtf */; };
		62E273E4167CF84900FD84D5 /* MainMenu.xib in Resources */ = {isa = PBXBuildFile; fileRef = 62E273E2167CF84900FD84D5 /* MainMenu.xib */; };
		62E273EC167CF84900FD84D5 /* SenTestingKit.framework in Frameworks */ = {isa = PBXBuildFile; fileRef = 62E273EB167CF84900FD84D5 /* SenTestingKit.framework */; };
		62E273ED167CF84900FD84D5 /* Cocoa.framework in Frameworks */ = {isa = PBXBuildFile; fileRef = 62E273CD167CF84900FD84D5 /* Cocoa.framework */; };
		62E273F5167CF84900FD84D5 /* InfoPlist.strings in Resources */ = {isa = PBXBuildFile; fileRef = 62E273F3167CF84900FD84D5 /* InfoPlist.strings */; };
		62E273F8167CF84900FD84D5 /* TogglerTests.m in Sources */ = {isa = PBXBuildFile; fileRef = 62E273F7167CF84900FD84D5 /* TogglerTests.m */; };
		62E2740C167D047800FD84D5 /* toggle_Off.png in Resources */ = {isa = PBXBuildFile; fileRef = 62E2740A167D047700FD84D5 /* toggle_Off.png */; };
		62E2740D167D047800FD84D5 /* toggle_Off.png in Resources */ = {isa = PBXBuildFile; fileRef = 62E2740A167D047700FD84D5 /* toggle_Off.png */; };
		62E2740E167D047800FD84D5 /* toggle_On.png in Resources */ = {isa = PBXBuildFile; fileRef = 62E2740B167D047700FD84D5 /* toggle_On.png */; };
		62E2740F167D047800FD84D5 /* toggle_On.png in Resources */ = {isa = PBXBuildFile; fileRef = 62E2740B167D047700FD84D5 /* toggle_On.png */; };
		7D188A91167FCCA800FAA3AC /* TGMenuManager.m in Sources */ = {isa = PBXBuildFile; fileRef = 7D188A85167FCCA800FAA3AC /* TGMenuManager.m */; };
		7D188A92167FCCA800FAA3AC /* TGMenuManager.m in Sources */ = {isa = PBXBuildFile; fileRef = 7D188A85167FCCA800FAA3AC /* TGMenuManager.m */; };
		7D188A93167FCCA800FAA3AC /* TGClickView.m in Sources */ = {isa = PBXBuildFile; fileRef = 7D188A88167FCCA800FAA3AC /* TGClickView.m */; };
		7D188A94167FCCA800FAA3AC /* TGClickView.m in Sources */ = {isa = PBXBuildFile; fileRef = 7D188A88167FCCA800FAA3AC /* TGClickView.m */; };
		7D188A95167FCCA800FAA3AC /* TGToggler.m in Sources */ = {isa = PBXBuildFile; fileRef = 7D188A8B167FCCA800FAA3AC /* TGToggler.m */; };
		7D188A96167FCCA800FAA3AC /* TGToggler.m in Sources */ = {isa = PBXBuildFile; fileRef = 7D188A8B167FCCA800FAA3AC /* TGToggler.m */; };
		7D188A97167FCCA800FAA3AC /* TGUpdater.m in Sources */ = {isa = PBXBuildFile; fileRef = 7D188A8E167FCCA800FAA3AC /* TGUpdater.m */; };
		7D188A98167FCCA800FAA3AC /* TGUpdater.m in Sources */ = {isa = PBXBuildFile; fileRef = 7D188A8E167FCCA800FAA3AC /* TGUpdater.m */; };
		7D8A7B75167FDD01002A39E4 /* DropDown.xib in Resources */ = {isa = PBXBuildFile; fileRef = 7D8A7B73167FDD01002A39E4 /* DropDown.xib */; };
		7D8A7B76167FDD01002A39E4 /* DropDown.xib in Resources */ = {isa = PBXBuildFile; fileRef = 7D8A7B73167FDD01002A39E4 /* DropDown.xib */; };
/* End PBXBuildFile section */

/* Begin PBXContainerItemProxy section */
		62E273EE167CF84900FD84D5 /* PBXContainerItemProxy */ = {
			isa = PBXContainerItemProxy;
			containerPortal = 62E273C0167CF84900FD84D5 /* Project object */;
			proxyType = 1;
			remoteGlobalIDString = 62E273C8167CF84900FD84D5;
			remoteInfo = Toggler;
		};
/* End PBXContainerItemProxy section */

/* Begin PBXFileReference section */
		625129BA167EEEEB008E75A4 /* en */ = {isa = PBXFileReference; lastKnownFileType = file.xib; name = en; path = en.lproj/AboutMenu.xib; sourceTree = "<group>"; };
		625129C6167EEF0D008E75A4 /* TGAppDelegate.h */ = {isa = PBXFileReference; fileEncoding = 4; lastKnownFileType = sourcecode.c.h; lineEnding = 0; path = TGAppDelegate.h; sourceTree = "<group>"; xcLanguageSpecificationIdentifier = xcode.lang.objcpp; };
		625129C7167EEF0D008E75A4 /* TGAppDelegate.m */ = {isa = PBXFileReference; fileEncoding = 4; lastKnownFileType = sourcecode.c.objc; lineEnding = 0; path = TGAppDelegate.m; sourceTree = "<group>"; xcLanguageSpecificationIdentifier = xcode.lang.objc; };
		625AC803167FEFB0005D3832 /* libex64.a */ = {isa = PBXFileReference; lastKnownFileType = archive.ar; name = libex64.a; path = "../../../../../Library/Developer/Xcode/DerivedData/ex-aihzffyxzlnqyeetfwbrqhsdfhwe/Build/Products/Debug/libex64.a"; sourceTree = "<group>"; };
		625AC81D168007EF005D3832 /* Off.png */ = {isa = PBXFileReference; lastKnownFileType = image.png; path = Off.png; sourceTree = "<group>"; };
		625AC81E168007EF005D3832 /* On.png */ = {isa = PBXFileReference; lastKnownFileType = image.png; path = On.png; sourceTree = "<group>"; };
		625AC8261680DB2D005D3832 /* icons.icns */ = {isa = PBXFileReference; lastKnownFileType = image.icns; path = icons.icns; sourceTree = "<group>"; };
		62E273C9167CF84900FD84D5 /* Toggler.app */ = {isa = PBXFileReference; explicitFileType = wrapper.application; includeInIndex = 0; path = Toggler.app; sourceTree = BUILT_PRODUCTS_DIR; };
		62E273CD167CF84900FD84D5 /* Cocoa.framework */ = {isa = PBXFileReference; lastKnownFileType = wrapper.framework; name = Cocoa.framework; path = System/Library/Frameworks/Cocoa.framework; sourceTree = SDKROOT; };
		62E273D0167CF84900FD84D5 /* AppKit.framework */ = {isa = PBXFileReference; lastKnownFileType = wrapper.framework; name = AppKit.framework; path = System/Library/Frameworks/AppKit.framework; sourceTree = SDKROOT; };
		62E273D1167CF84900FD84D5 /* CoreData.framework */ = {isa = PBXFileReference; lastKnownFileType = wrapper.framework; name = CoreData.framework; path = System/Library/Frameworks/CoreData.framework; sourceTree = SDKROOT; };
		62E273D2167CF84900FD84D5 /* Foundation.framework */ = {isa = PBXFileReference; lastKnownFileType = wrapper.framework; name = Foundation.framework; path = System/Library/Frameworks/Foundation.framework; sourceTree = SDKROOT; };
		62E273D5167CF84900FD84D5 /* Toggler-Info.plist */ = {isa = PBXFileReference; lastKnownFileType = text.plist.xml; path = "Toggler-Info.plist"; sourceTree = "<group>"; };
		62E273D7167CF84900FD84D5 /* en */ = {isa = PBXFileReference; lastKnownFileType = text.plist.strings; name = en; path = en.lproj/InfoPlist.strings; sourceTree = "<group>"; };
		62E273D9167CF84900FD84D5 /* main.m */ = {isa = PBXFileReference; lastKnownFileType = sourcecode.c.objc; lineEnding = 0; path = main.m; sourceTree = "<group>"; xcLanguageSpecificationIdentifier = xcode.lang.objc; };
		62E273DB167CF84900FD84D5 /* Toggler-Prefix.pch */ = {isa = PBXFileReference; lastKnownFileType = sourcecode.c.h; lineEnding = 0; path = "Toggler-Prefix.pch"; sourceTree = "<group>"; xcLanguageSpecificationIdentifier = xcode.lang.objc; };
		62E273DD167CF84900FD84D5 /* en */ = {isa = PBXFileReference; lastKnownFileType = text.rtf; name = en; path = en.lproj/Credits.rtf; sourceTree = "<group>"; };
		62E273E3167CF84900FD84D5 /* en */ = {isa = PBXFileReference; lastKnownFileType = file.xib; name = en; path = en.lproj/MainMenu.xib; sourceTree = "<group>"; };
		62E273EA167CF84900FD84D5 /* TogglerTests.octest */ = {isa = PBXFileReference; explicitFileType = wrapper.cfbundle; includeInIndex = 0; path = TogglerTests.octest; sourceTree = BUILT_PRODUCTS_DIR; };
		62E273EB167CF84900FD84D5 /* SenTestingKit.framework */ = {isa = PBXFileReference; lastKnownFileType = wrapper.framework; name = SenTestingKit.framework; path = Library/Frameworks/SenTestingKit.framework; sourceTree = DEVELOPER_DIR; };
		62E273F2167CF84900FD84D5 /* TogglerTests-Info.plist */ = {isa = PBXFileReference; lastKnownFileType = text.plist.xml; path = "TogglerTests-Info.plist"; sourceTree = "<group>"; };
		62E273F4167CF84900FD84D5 /* en */ = {isa = PBXFileReference; lastKnownFileType = text.plist.strings; name = en; path = en.lproj/InfoPlist.strings; sourceTree = "<group>"; };
		62E273F6167CF84900FD84D5 /* TogglerTests.h */ = {isa = PBXFileReference; lastKnownFileType = sourcecode.c.h; lineEnding = 0; path = TogglerTests.h; sourceTree = "<group>"; xcLanguageSpecificationIdentifier = xcode.lang.objcpp; };
		62E273F7167CF84900FD84D5 /* TogglerTests.m */ = {isa = PBXFileReference; lastKnownFileType = sourcecode.c.objc; lineEnding = 0; path = TogglerTests.m; sourceTree = "<group>"; xcLanguageSpecificationIdentifier = xcode.lang.objc; };
		62E2740A167D047700FD84D5 /* toggle_Off.png */ = {isa = PBXFileReference; lastKnownFileType = image.png; path = toggle_Off.png; sourceTree = "<group>"; };
		62E2740B167D047700FD84D5 /* toggle_On.png */ = {isa = PBXFileReference; lastKnownFileType = image.png; path = toggle_On.png; sourceTree = "<group>"; };
		7D188A81167FCCA800FAA3AC /* TGConstants.h */ = {isa = PBXFileReference; fileEncoding = 4; lastKnownFileType = sourcecode.c.h; lineEnding = 0; path = TGConstants.h; sourceTree = "<group>"; xcLanguageSpecificationIdentifier = xcode.lang.objcpp; };
		7D188A84167FCCA800FAA3AC /* TGMenuManager.h */ = {isa = PBXFileReference; fileEncoding = 4; lastKnownFileType = sourcecode.c.h; lineEnding = 0; path = TGMenuManager.h; sourceTree = "<group>"; xcLanguageSpecificationIdentifier = xcode.lang.objcpp; };
		7D188A85167FCCA800FAA3AC /* TGMenuManager.m */ = {isa = PBXFileReference; fileEncoding = 4; lastKnownFileType = sourcecode.c.objc; lineEnding = 0; path = TGMenuManager.m; sourceTree = "<group>"; xcLanguageSpecificationIdentifier = xcode.lang.objc; };
		7D188A87167FCCA800FAA3AC /* TGClickView.h */ = {isa = PBXFileReference; fileEncoding = 4; lastKnownFileType = sourcecode.c.h; lineEnding = 0; path = TGClickView.h; sourceTree = "<group>"; xcLanguageSpecificationIdentifier = xcode.lang.objcpp; };
		7D188A88167FCCA800FAA3AC /* TGClickView.m */ = {isa = PBXFileReference; fileEncoding = 4; lastKnownFileType = sourcecode.c.objc; lineEnding = 0; path = TGClickView.m; sourceTree = "<group>"; xcLanguageSpecificationIdentifier = xcode.lang.objc; };
		7D188A8A167FCCA800FAA3AC /* TGToggler.h */ = {isa = PBXFileReference; fileEncoding = 4; lastKnownFileType = sourcecode.c.h; lineEnding = 0; path = TGToggler.h; sourceTree = "<group>"; xcLanguageSpecificationIdentifier = xcode.lang.objcpp; };
		7D188A8B167FCCA800FAA3AC /* TGToggler.m */ = {isa = PBXFileReference; fileEncoding = 4; lastKnownFileType = sourcecode.c.objc; lineEnding = 0; path = TGToggler.m; sourceTree = "<group>"; xcLanguageSpecificationIdentifier = xcode.lang.objc; };
		7D188A8D167FCCA800FAA3AC /* TGUpdater.h */ = {isa = PBXFileReference; fileEncoding = 4; lastKnownFileType = sourcecode.c.h; lineEnding = 0; path = TGUpdater.h; sourceTree = "<group>"; xcLanguageSpecificationIdentifier = xcode.lang.objcpp; };
		7D188A8E167FCCA800FAA3AC /* TGUpdater.m */ = {isa = PBXFileReference; fileEncoding = 4; lastKnownFileType = sourcecode.c.objc; lineEnding = 0; path = TGUpdater.m; sourceTree = "<group>"; xcLanguageSpecificationIdentifier = xcode.lang.objc; };
		7D8A7B74167FDD01002A39E4 /* en */ = {isa = PBXFileReference; lastKnownFileType = file.xib; name = en; path = en.lproj/DropDown.xib; sourceTree = "<group>"; };
/* End PBXFileReference section */

/* Begin PBXFrameworksBuildPhase section */
		62E273C6167CF84900FD84D5 /* Frameworks */ = {
			isa = PBXFrameworksBuildPhase;
			buildActionMask = 2147483647;
			files = (
				62E273CE167CF84900FD84D5 /* Cocoa.framework in Frameworks */,
				625AC804167FEFB0005D3832 /* libex64.a in Frameworks */,
			);
			runOnlyForDeploymentPostprocessing = 0;
		};
		62E273E6167CF84900FD84D5 /* Frameworks */ = {
			isa = PBXFrameworksBuildPhase;
			buildActionMask = 2147483647;
			files = (
				62E273EC167CF84900FD84D5 /* SenTestingKit.framework in Frameworks */,
				62E273ED167CF84900FD84D5 /* Cocoa.framework in Frameworks */,
				625AC805167FEFB0005D3832 /* libex64.a in Frameworks */,
			);
			runOnlyForDeploymentPostprocessing = 0;
		};
/* End PBXFrameworksBuildPhase section */

/* Begin PBXGroup section */
		625129BD167EEF0D008E75A4 /* App Delegate */ = {
			isa = PBXGroup;
			children = (
				625129C6167EEF0D008E75A4 /* TGAppDelegate.h */,
				625129C7167EEF0D008E75A4 /* TGAppDelegate.m */,
			);
			path = "App Delegate";
			sourceTree = "<group>";
		};
		625AC81C168007EF005D3832 /* Full size */ = {
			isa = PBXGroup;
			children = (
				625AC81D168007EF005D3832 /* Off.png */,
				625AC81E168007EF005D3832 /* On.png */,
			);
			name = "Full size";
			path = "Toggle States/Full size";
			sourceTree = "<group>";
		};
		62E273BE167CF84900FD84D5 = {
			isa = PBXGroup;
			children = (
				625AC8261680DB2D005D3832 /* icons.icns */,
				62E273D3167CF84900FD84D5 /* Toggler */,
				62E273F0167CF84900FD84D5 /* TogglerTests */,
				62E273CC167CF84900FD84D5 /* Frameworks */,
				62E273CA167CF84900FD84D5 /* Products */,
			);
			sourceTree = "<group>";
		};
		62E273CA167CF84900FD84D5 /* Products */ = {
			isa = PBXGroup;
			children = (
				62E273C9167CF84900FD84D5 /* Toggler.app */,
				62E273EA167CF84900FD84D5 /* TogglerTests.octest */,
			);
			name = Products;
			sourceTree = "<group>";
		};
		62E273CC167CF84900FD84D5 /* Frameworks */ = {
			isa = PBXGroup;
			children = (
				62E273CD167CF84900FD84D5 /* Cocoa.framework */,
				62E273EB167CF84900FD84D5 /* SenTestingKit.framework */,
				62E273CF167CF84900FD84D5 /* Other Frameworks */,
			);
			name = Frameworks;
			sourceTree = "<group>";
		};
		62E273CF167CF84900FD84D5 /* Other Frameworks */ = {
			isa = PBXGroup;
			children = (
				62E273D0167CF84900FD84D5 /* AppKit.framework */,
				62E273D1167CF84900FD84D5 /* CoreData.framework */,
				62E273D2167CF84900FD84D5 /* Foundation.framework */,
			);
			name = "Other Frameworks";
			sourceTree = "<group>";
		};
		62E273D3167CF84900FD84D5 /* Toggler */ = {
			isa = PBXGroup;
			children = (
				7D188A7F167FCCA800FAA3AC /* Core */,
				625129BD167EEF0D008E75A4 /* App Delegate */,
				625129B9167EEEEB008E75A4 /* AboutMenu.xib */,
				7D8A7B73167FDD01002A39E4 /* DropDown.xib */,
				62E273E2167CF84900FD84D5 /* MainMenu.xib */,
				62E27407167D047700FD84D5 /* Resources */,
				62E273D4167CF84900FD84D5 /* Supporting Files */,
			);
			path = Toggler;
			sourceTree = "<group>";
		};
		62E273D4167CF84900FD84D5 /* Supporting Files */ = {
			isa = PBXGroup;
			children = (
				62E273D5167CF84900FD84D5 /* Toggler-Info.plist */,
				62E273D6167CF84900FD84D5 /* InfoPlist.strings */,
				62E273D9167CF84900FD84D5 /* main.m */,
				62E273DB167CF84900FD84D5 /* Toggler-Prefix.pch */,
				62E273DC167CF84900FD84D5 /* Credits.rtf */,
			);
			name = "Supporting Files";
			sourceTree = "<group>";
		};
		62E273F0167CF84900FD84D5 /* TogglerTests */ = {
			isa = PBXGroup;
			children = (
				62E273F6167CF84900FD84D5 /* TogglerTests.h */,
				62E273F7167CF84900FD84D5 /* TogglerTests.m */,
				62E273F1167CF84900FD84D5 /* Supporting Files */,
			);
			path = TogglerTests;
			sourceTree = "<group>";
		};
		62E273F1167CF84900FD84D5 /* Supporting Files */ = {
			isa = PBXGroup;
			children = (
				62E273F2167CF84900FD84D5 /* TogglerTests-Info.plist */,
				62E273F3167CF84900FD84D5 /* InfoPlist.strings */,
			);
			name = "Supporting Files";
			sourceTree = "<group>";
		};
		62E27407167D047700FD84D5 /* Resources */ = {
			isa = PBXGroup;
			children = (
				625AC803167FEFB0005D3832 /* libex64.a */,
				62E27408167D047700FD84D5 /* Images */,
			);
			path = Resources;
			sourceTree = "<group>";
		};
		62E27408167D047700FD84D5 /* Images */ = {
			isa = PBXGroup;
			children = (
				625AC81C168007EF005D3832 /* Full size */,
				62E27409167D047700FD84D5 /* Toggle States */,
			);
			path = Images;
			sourceTree = "<group>";
		};
		62E27409167D047700FD84D5 /* Toggle States */ = {
			isa = PBXGroup;
			children = (
				62E2740A167D047700FD84D5 /* toggle_Off.png */,
				62E2740B167D047700FD84D5 /* toggle_On.png */,
			);
			path = "Toggle States";
			sourceTree = "<group>";
		};
		7D188A7F167FCCA800FAA3AC /* Core */ = {
			isa = PBXGroup;
			children = (
				7D188A80167FCCA800FAA3AC /* Constants */,
				7D188A83167FCCA800FAA3AC /* Menu Manager */,
				7D188A86167FCCA800FAA3AC /* TGView */,
				7D188A89167FCCA800FAA3AC /* Toggler */,
				7D188A8C167FCCA800FAA3AC /* Updater */,
			);
			path = Core;
			sourceTree = "<group>";
		};
		7D188A80167FCCA800FAA3AC /* Constants */ = {
			isa = PBXGroup;
			children = (
				7D188A81167FCCA800FAA3AC /* TGConstants.h */,
			);
			path = Constants;
			sourceTree = "<group>";
		};
		7D188A83167FCCA800FAA3AC /* Menu Manager */ = {
			isa = PBXGroup;
			children = (
				7D188A84167FCCA800FAA3AC /* TGMenuManager.h */,
				7D188A85167FCCA800FAA3AC /* TGMenuManager.m */,
			);
			path = "Menu Manager";
			sourceTree = "<group>";
		};
		7D188A86167FCCA800FAA3AC /* TGView */ = {
			isa = PBXGroup;
			children = (
				7D188A87167FCCA800FAA3AC /* TGClickView.h */,
				7D188A88167FCCA800FAA3AC /* TGClickView.m */,
			);
			path = TGView;
			sourceTree = "<group>";
		};
		7D188A89167FCCA800FAA3AC /* Toggler */ = {
			isa = PBXGroup;
			children = (
				7D188A8A167FCCA800FAA3AC /* TGToggler.h */,
				7D188A8B167FCCA800FAA3AC /* TGToggler.m */,
			);
			path = Toggler;
			sourceTree = "<group>";
		};
		7D188A8C167FCCA800FAA3AC /* Updater */ = {
			isa = PBXGroup;
			children = (
				7D188A8D167FCCA800FAA3AC /* TGUpdater.h */,
				7D188A8E167FCCA800FAA3AC /* TGUpdater.m */,
			);
			path = Updater;
			sourceTree = "<group>";
		};
/* End PBXGroup section */

/* Begin PBXNativeTarget section */
		62E273C8167CF84900FD84D5 /* Toggler */ = {
			isa = PBXNativeTarget;
			buildConfigurationList = 62E273FB167CF84900FD84D5 /* Build configuration list for PBXNativeTarget "Toggler" */;
			buildPhases = (
				62E273C5167CF84900FD84D5 /* Sources */,
				62E273C6167CF84900FD84D5 /* Frameworks */,
				62E273C7167CF84900FD84D5 /* Resources */,
			);
			buildRules = (
			);
			dependencies = (
			);
			name = Toggler;
			productName = Toggler;
			productReference = 62E273C9167CF84900FD84D5 /* Toggler.app */;
			productType = "com.apple.product-type.application";
		};
		62E273E9167CF84900FD84D5 /* TogglerTests */ = {
			isa = PBXNativeTarget;
			buildConfigurationList = 62E273FE167CF84900FD84D5 /* Build configuration list for PBXNativeTarget "TogglerTests" */;
			buildPhases = (
				62E273E5167CF84900FD84D5 /* Sources */,
				62E273E6167CF84900FD84D5 /* Frameworks */,
				62E273E7167CF84900FD84D5 /* Resources */,
				62E273E8167CF84900FD84D5 /* ShellScript */,
			);
			buildRules = (
			);
			dependencies = (
				62E273EF167CF84900FD84D5 /* PBXTargetDependency */,
			);
			name = TogglerTests;
			productName = TogglerTests;
			productReference = 62E273EA167CF84900FD84D5 /* TogglerTests.octest */;
			productType = "com.apple.product-type.bundle";
		};
/* End PBXNativeTarget section */

/* Begin PBXProject section */
		62E273C0167CF84900FD84D5 /* Project object */ = {
			isa = PBXProject;
			attributes = {
				CLASSPREFIX = TG;
				LastUpgradeCheck = 0450;
				ORGANIZATIONNAME = "Miles Alden";
			};
			buildConfigurationList = 62E273C3167CF84900FD84D5 /* Build configuration list for PBXProject "Toggler" */;
			compatibilityVersion = "Xcode 3.2";
			developmentRegion = English;
			hasScannedForEncodings = 0;
			knownRegions = (
				en,
			);
			mainGroup = 62E273BE167CF84900FD84D5;
			productRefGroup = 62E273CA167CF84900FD84D5 /* Products */;
			projectDirPath = "";
			projectRoot = "";
			targets = (
				62E273C8167CF84900FD84D5 /* Toggler */,
				62E273E9167CF84900FD84D5 /* TogglerTests */,
			);
		};
/* End PBXProject section */

/* Begin PBXResourcesBuildPhase section */
		62E273C7167CF84900FD84D5 /* Resources */ = {
			isa = PBXResourcesBuildPhase;
			buildActionMask = 2147483647;
			files = (
				62E273D8167CF84900FD84D5 /* InfoPlist.strings in Resources */,
				62E273DE167CF84900FD84D5 /* Credits.rtf in Resources */,
				62E273E4167CF84900FD84D5 /* MainMenu.xib in Resources */,
				62E2740C167D047800FD84D5 /* toggle_Off.png in Resources */,
				62E2740E167D047800FD84D5 /* toggle_On.png in Resources */,
				625129BB167EEEEB008E75A4 /* AboutMenu.xib in Resources */,
				7D8A7B75167FDD01002A39E4 /* DropDown.xib in Resources */,
				625AC81F168007EF005D3832 /* Off.png in Resources */,
				625AC821168007EF005D3832 /* On.png in Resources */,
				625AC8271680DB2D005D3832 /* icons.icns in Resources */,
			);
			runOnlyForDeploymentPostprocessing = 0;
		};
		62E273E7167CF84900FD84D5 /* Resources */ = {
			isa = PBXResourcesBuildPhase;
			buildActionMask = 2147483647;
			files = (
				62E273F5167CF84900FD84D5 /* InfoPlist.strings in Resources */,
				62E2740D167D047800FD84D5 /* toggle_Off.png in Resources */,
				62E2740F167D047800FD84D5 /* toggle_On.png in Resources */,
				625129BC167EEEEB008E75A4 /* AboutMenu.xib in Resources */,
				7D8A7B76167FDD01002A39E4 /* DropDown.xib in Resources */,
				625AC820168007EF005D3832 /* Off.png in Resources */,
				625AC822168007EF005D3832 /* On.png in Resources */,
			);
			runOnlyForDeploymentPostprocessing = 0;
		};
/* End PBXResourcesBuildPhase section */

/* Begin PBXShellScriptBuildPhase section */
		62E273E8167CF84900FD84D5 /* ShellScript */ = {
			isa = PBXShellScriptBuildPhase;
			buildActionMask = 2147483647;
			files = (
			);
			inputPaths = (
			);
			outputPaths = (
			);
			runOnlyForDeploymentPostprocessing = 0;
			shellPath = /bin/sh;
			shellScript = "# Run the unit tests in this test bundle.\n\"${SYSTEM_DEVELOPER_DIR}/Tools/RunUnitTests\"\n";
		};
/* End PBXShellScriptBuildPhase section */

/* Begin PBXSourcesBuildPhase section */
		62E273C5167CF84900FD84D5 /* Sources */ = {
			isa = PBXSourcesBuildPhase;
			buildActionMask = 2147483647;
			files = (
				62E273DA167CF84900FD84D5 /* main.m in Sources */,
				625129D0167EEF0D008E75A4 /* TGAppDelegate.m in Sources */,
				7D188A91167FCCA800FAA3AC /* TGMenuManager.m in Sources */,
				7D188A93167FCCA800FAA3AC /* TGClickView.m in Sources */,
				7D188A95167FCCA800FAA3AC /* TGToggler.m in Sources */,
				7D188A97167FCCA800FAA3AC /* TGUpdater.m in Sources */,
			);
			runOnlyForDeploymentPostprocessing = 0;
		};
		62E273E5167CF84900FD84D5 /* Sources */ = {
			isa = PBXSourcesBuildPhase;
			buildActionMask = 2147483647;
			files = (
				62E273F8167CF84900FD84D5 /* TogglerTests.m in Sources */,
				625129D1167EEF0D008E75A4 /* TGAppDelegate.m in Sources */,
				7D188A92167FCCA800FAA3AC /* TGMenuManager.m in Sources */,
				7D188A94167FCCA800FAA3AC /* TGClickView.m in Sources */,
				7D188A96167FCCA800FAA3AC /* TGToggler.m in Sources */,
				7D188A98167FCCA800FAA3AC /* TGUpdater.m in Sources */,
			);
			runOnlyForDeploymentPostprocessing = 0;
		};
/* End PBXSourcesBuildPhase section */

/* Begin PBXTargetDependency section */
		62E273EF167CF84900FD84D5 /* PBXTargetDependency */ = {
			isa = PBXTargetDependency;
			target = 62E273C8167CF84900FD84D5 /* Toggler */;
			targetProxy = 62E273EE167CF84900FD84D5 /* PBXContainerItemProxy */;
		};
/* End PBXTargetDependency section */

/* Begin PBXVariantGroup section */
		625129B9167EEEEB008E75A4 /* AboutMenu.xib */ = {
			isa = PBXVariantGroup;
			children = (
				625129BA167EEEEB008E75A4 /* en */,
			);
			name = AboutMenu.xib;
			sourceTree = "<group>";
		};
		62E273D6167CF84900FD84D5 /* InfoPlist.strings */ = {
			isa = PBXVariantGroup;
			children = (
				62E273D7167CF84900FD84D5 /* en */,
			);
			name = InfoPlist.strings;
			sourceTree = "<group>";
		};
		62E273DC167CF84900FD84D5 /* Credits.rtf */ = {
			isa = PBXVariantGroup;
			children = (
				62E273DD167CF84900FD84D5 /* en */,
			);
			name = Credits.rtf;
			sourceTree = "<group>";
		};
		62E273E2167CF84900FD84D5 /* MainMenu.xib */ = {
			isa = PBXVariantGroup;
			children = (
				62E273E3167CF84900FD84D5 /* en */,
			);
			name = MainMenu.xib;
			sourceTree = "<group>";
		};
		62E273F3167CF84900FD84D5 /* InfoPlist.strings */ = {
			isa = PBXVariantGroup;
			children = (
				62E273F4167CF84900FD84D5 /* en */,
			);
			name = InfoPlist.strings;
			sourceTree = "<group>";
		};
		7D8A7B73167FDD01002A39E4 /* DropDown.xib */ = {
			isa = PBXVariantGroup;
			children = (
				7D8A7B74167FDD01002A39E4 /* en */,
			);
			name = DropDown.xib;
			sourceTree = "<group>";
		};
/* End PBXVariantGroup section */

/* Begin XCBuildConfiguration section */
		62E273F9167CF84900FD84D5 /* Debug */ = {
			isa = XCBuildConfiguration;
			buildSettings = {
				ALWAYS_SEARCH_USER_PATHS = NO;
				ARCHS = "$(ARCHS_STANDARD_64_BIT)";
				CLANG_CXX_LANGUAGE_STANDARD = "gnu++0x";
				CLANG_CXX_LIBRARY = "libc++";
				CLANG_ENABLE_OBJC_ARC = YES;
				CLANG_WARN_EMPTY_BODY = YES;
				CLANG_WARN__DUPLICATE_METHOD_MATCH = YES;
				COPY_PHASE_STRIP = NO;
				GCC_C_LANGUAGE_STANDARD = gnu99;
				GCC_DYNAMIC_NO_PIC = NO;
				GCC_ENABLE_OBJC_EXCEPTIONS = YES;
				GCC_OPTIMIZATION_LEVEL = 0;
				GCC_PREPROCESSOR_DEFINITIONS = (
					"DEBUG=1",
					"$(inherited)",
				);
				GCC_SYMBOLS_PRIVATE_EXTERN = NO;
				GCC_WARN_64_TO_32_BIT_CONVERSION = YES;
				GCC_WARN_ABOUT_RETURN_TYPE = YES;
				GCC_WARN_UNINITIALIZED_AUTOS = YES;
				GCC_WARN_UNUSED_VARIABLE = YES;
				MACOSX_DEPLOYMENT_TARGET = 10.8;
				ONLY_ACTIVE_ARCH = YES;
				SDKROOT = macosx;
			};
			name = Debug;
		};
		62E273FA167CF84900FD84D5 /* Release */ = {
			isa = XCBuildConfiguration;
			buildSettings = {
				ALWAYS_SEARCH_USER_PATHS = NO;
				ARCHS = "$(ARCHS_STANDARD_64_BIT)";
				CLANG_CXX_LANGUAGE_STANDARD = "gnu++0x";
				CLANG_CXX_LIBRARY = "libc++";
				CLANG_ENABLE_OBJC_ARC = YES;
				CLANG_WARN_EMPTY_BODY = YES;
				CLANG_WARN__DUPLICATE_METHOD_MATCH = YES;
				COPY_PHASE_STRIP = YES;
				DEBUG_INFORMATION_FORMAT = "dwarf-with-dsym";
				GCC_C_LANGUAGE_STANDARD = gnu99;
				GCC_ENABLE_OBJC_EXCEPTIONS = YES;
				GCC_WARN_64_TO_32_BIT_CONVERSION = YES;
				GCC_WARN_ABOUT_RETURN_TYPE = YES;
				GCC_WARN_UNINITIALIZED_AUTOS = YES;
				GCC_WARN_UNUSED_VARIABLE = YES;
				MACOSX_DEPLOYMENT_TARGET = 10.8;
				SDKROOT = macosx;
			};
			name = Release;
		};
		62E273FC167CF84900FD84D5 /* Debug */ = {
			isa = XCBuildConfiguration;
			buildSettings = {
				COMBINE_HIDPI_IMAGES = YES;
				CURRENT_PROJECT_VERSION = 1.1.0;
				GCC_PRECOMPILE_PREFIX_HEADER = YES;
				GCC_PREFIX_HEADER = "Toggler/Toggler-Prefix.pch";
				INFOPLIST_FILE = "Toggler/Toggler-Info.plist";
				LIBRARY_SEARCH_PATHS = (
					"$(inherited)",
					"\"$(SRCROOT)/Toggler/Resources\"",
					"\"$(SRCROOT)/../../../Library/Developer/Xcode/DerivedData/ex-aihzffyxzlnqyeetfwbrqhsdfhwe/Build/Products/Debug\"",
					"\"$(SRCROOT)/../../../../Library/Developer/Xcode/DerivedData/ex-etkmncgonsfdmhefltzgrutkqfsn/Build/Products/Debug\"",
				);
				MACOSX_DEPLOYMENT_TARGET = 10.6;
				OTHER_LDFLAGS = "-all_load";
				PRODUCT_NAME = "$(TARGET_NAME)";
				WRAPPER_EXTENSION = app;
			};
			name = Debug;
		};
		62E273FD167CF84900FD84D5 /* Release */ = {
			isa = XCBuildConfiguration;
			buildSettings = {
				COMBINE_HIDPI_IMAGES = YES;
				CURRENT_PROJECT_VERSION = 1.1.0;
				GCC_PRECOMPILE_PREFIX_HEADER = YES;
				GCC_PREFIX_HEADER = "Toggler/Toggler-Prefix.pch";
				INFOPLIST_FILE = "Toggler/Toggler-Info.plist";
				LIBRARY_SEARCH_PATHS = (
					"$(inherited)",
					"\"$(SRCROOT)/Toggler/Resources\"",
					"\"$(SRCROOT)/../../../Library/Developer/Xcode/DerivedData/ex-aihzffyxzlnqyeetfwbrqhsdfhwe/Build/Products/Debug\"",
					"\"$(SRCROOT)/../../../../Library/Developer/Xcode/DerivedData/ex-etkmncgonsfdmhefltzgrutkqfsn/Build/Products/Debug\"",
				);
				MACOSX_DEPLOYMENT_TARGET = 10.6;
				OTHER_LDFLAGS = "-all_load";
				PRODUCT_NAME = "$(TARGET_NAME)";
				WRAPPER_EXTENSION = app;
			};
			name = Release;
		};
		62E273FF167CF84900FD84D5 /* Debug */ = {
			isa = XCBuildConfiguration;
			buildSettings = {
				BUNDLE_LOADER = "$(BUILT_PRODUCTS_DIR)/Toggler.app/Contents/MacOS/Toggler";
				COMBINE_HIDPI_IMAGES = YES;
				FRAMEWORK_SEARCH_PATHS = "\"$(DEVELOPER_LIBRARY_DIR)/Frameworks\"";
				GCC_PRECOMPILE_PREFIX_HEADER = YES;
				GCC_PREFIX_HEADER = "Toggler/Toggler-Prefix.pch";
				INFOPLIST_FILE = "TogglerTests/TogglerTests-Info.plist";
				LIBRARY_SEARCH_PATHS = (
					"$(inherited)",
					"\"$(SRCROOT)/Toggler/Resources\"",
					"\"$(SRCROOT)/../../../Library/Developer/Xcode/DerivedData/ex-aihzffyxzlnqyeetfwbrqhsdfhwe/Build/Products/Debug\"",
					"\"$(SRCROOT)/../../../../Library/Developer/Xcode/DerivedData/ex-etkmncgonsfdmhefltzgrutkqfsn/Build/Products/Debug\"",
				);
				PRODUCT_NAME = "$(TARGET_NAME)";
				TEST_HOST = "$(BUNDLE_LOADER)";
				WRAPPER_EXTENSION = octest;
			};
			name = Debug;
		};
		62E27400167CF84900FD84D5 /* Release */ = {
			isa = XCBuildConfiguration;
			buildSettings = {
				BUNDLE_LOADER = "$(BUILT_PRODUCTS_DIR)/Toggler.app/Contents/MacOS/Toggler";
				COMBINE_HIDPI_IMAGES = YES;
				FRAMEWORK_SEARCH_PATHS = "\"$(DEVELOPER_LIBRARY_DIR)/Frameworks\"";
				GCC_PRECOMPILE_PREFIX_HEADER = YES;
				GCC_PREFIX_HEADER = "Toggler/Toggler-Prefix.pch";
				INFOPLIST_FILE = "TogglerTests/TogglerTests-Info.plist";
				LIBRARY_SEARCH_PATHS = (
					"$(inherited)",
					"\"$(SRCROOT)/Toggler/Resources\"",
					"\"$(SRCROOT)/../../../Library/Developer/Xcode/DerivedData/ex-aihzffyxzlnqyeetfwbrqhsdfhwe/Build/Products/Debug\"",
					"\"$(SRCROOT)/../../../../Library/Developer/Xcode/DerivedData/ex-etkmncgonsfdmhefltzgrutkqfsn/Build/Products/Debug\"",
				);
				PRODUCT_NAME = "$(TARGET_NAME)";
				TEST_HOST = "$(BUNDLE_LOADER)";
				WRAPPER_EXTENSION = octest;
			};
			name = Release;
		};
/* End XCBuildConfiguration section */

/* Begin XCConfigurationList section */
		62E273C3167CF84900FD84D5 /* Build configuration list for PBXProject "Toggler" */ = {
			isa = XCConfigurationList;
			buildConfigurations = (
				62E273F9167CF84900FD84D5 /* Debug */,
				62E273FA167CF84900FD84D5 /* Release */,
			);
			defaultConfigurationIsVisible = 0;
			defaultConfigurationName = Release;
		};
		62E273FB167CF84900FD84D5 /* Build configuration list for PBXNativeTarget "Toggler" */ = {
			isa = XCConfigurationList;
			buildConfigurations = (
				62E273FC167CF84900FD84D5 /* Debug */,
				62E273FD167CF84900FD84D5 /* Release */,
			);
			defaultConfigurationIsVisible = 0;
			defaultConfigurationName = Release;
		};
		62E273FE167CF84900FD84D5 /* Build configuration list for PBXNativeTarget "TogglerTests" */ = {
			isa = XCConfigurationList;
			buildConfigurations = (
				62E273FF167CF84900FD84D5 /* Debug */,
				62E27400167CF84900FD84D5 /* Release */,
			);
			defaultConfigurationIsVisible = 0;
			defaultConfigurationName = Release;
		};
/* End XCConfigurationList section */
	};
	rootObject = 62E273C0167CF84900FD84D5 /* Project object */;
}
